
Microsoft Visual Studio Solution File, Format Version 12.00
# Visual Studio Version 16
VisualStudioVersion = 16.0.31205.134
MinimumVisualStudioVersion = 10.0.40219.1
Project("{FAE04EC0-301F-11D3-BF4B-00C04F79EFBC}") = "Program2", "ConsoleApp1\Program2.csproj", "{BAEBFF99-8EA1-43F8-AB79-C71517ECE1F8}"
EndProject
Global
	GlobalSection(SolutionConfigurationPlatforms) = preSolution
		Debug|Any CPU = Debug|Any CPU
		Release|Any CPU = Release|Any CPU
	EndGlobalSection
	GlobalSection(ProjectConfigurationPlatforms) = postSolution
		{BAEBFF99-8EA1-43F8-AB79-C71517ECE1F8}.Debug|Any CPU.ActiveCfg = Debug|Any CPU
		{BAEBFF99-8EA1-43F8-AB79-C71517ECE1F8}.Debug|Any CPU.Build.0 = Debug|Any CPU
		{BAEBFF99-8EA1-43F8-AB79-C71517ECE1F8}.Release|Any CPU.ActiveCfg = Release|Any CPU
		{BAEBFF99-8EA1-43F8-AB79-C71517ECE1F8}.Release|Any CPU.Build.0 = Release|Any CPU
	EndGlobalSection
	GlobalSection(SolutionProperties) = preSolution
		HideSolutionNode = FALSE
	EndGlobalSection
	GlobalSection(ExtensibilityGlobals) = postSolution
		SolutionGuid = {3AE01DC7-99ED-4ACA-853E-157ECF157CD6}
	EndGlobalSection
EndGlobal
