
Microsoft Visual Studio Solution File, Format Version 12.00
# Visual Studio Version 16
VisualStudioVersion = 16.0.31205.134
MinimumVisualStudioVersion = 10.0.40219.1
Project("{FAE04EC0-301F-11D3-BF4B-00C04F79EFBC}") = "Program3", "Program3\Program3.csproj", "{CC9D02C3-0C95-4450-800F-73BBFFF4496C}"
EndProject
Global
	GlobalSection(SolutionConfigurationPlatforms) = preSolution
		Debug|Any CPU = Debug|Any CPU
		Release|Any CPU = Release|Any CPU
	EndGlobalSection
	GlobalSection(ProjectConfigurationPlatforms) = postSolution
		{CC9D02C3-0C95-4450-800F-73BBFFF4496C}.Debug|Any CPU.ActiveCfg = Debug|Any CPU
		{CC9D02C3-0C95-4450-800F-73BBFFF4496C}.Debug|Any CPU.Build.0 = Debug|Any CPU
		{CC9D02C3-0C95-4450-800F-73BBFFF4496C}.Release|Any CPU.ActiveCfg = Release|Any CPU
		{CC9D02C3-0C95-4450-800F-73BBFFF4496C}.Release|Any CPU.Build.0 = Release|Any CPU
	EndGlobalSection
	GlobalSection(SolutionProperties) = preSolution
		HideSolutionNode = FALSE
	EndGlobalSection
	GlobalSection(ExtensibilityGlobals) = postSolution
		SolutionGuid = {29E0F7EA-099E-4237-A3BB-6910B5179ADF}
	EndGlobalSection
EndGlobal
